// !$*UTF8*$!
{
	archiveVersion = 1;
	classes = {
	};
	objectVersion = 51;
	objects = {

/* Begin PBXBuildFile section */
		3A119BA12520334600300985 /* TranslateLanguageView.swift in Sources */ = {isa = PBXBuildFile; fileRef = 3A119BA02520334600300985 /* TranslateLanguageView.swift */; };
		3A18A80825137239002556DF /* Service.swift in Sources */ = {isa = PBXBuildFile; fileRef = 3A18A80725137239002556DF /* Service.swift */; };
		3A23107A2517026E001CDD54 /* Downloader.swift in Sources */ = {isa = PBXBuildFile; fileRef = 3A2310792517026D001CDD54 /* Downloader.swift */; };
		3A29E8B82518774500BCFEF8 /* RecentsViewModel.swift in Sources */ = {isa = PBXBuildFile; fileRef = 3A29E8B72518774500BCFEF8 /* RecentsViewModel.swift */; };
		3A2E7133252364660022377F /* LoadingView.swift in Sources */ = {isa = PBXBuildFile; fileRef = 3A2E7132252364660022377F /* LoadingView.swift */; };
		3A2E85B125159D4E00F66910 /* UserInfo.swift in Sources */ = {isa = PBXBuildFile; fileRef = 3A2E85B025159D4E00F66910 /* UserInfo.swift */; };
		3A2E85B52515A28500F66910 /* UserViewModel.swift in Sources */ = {isa = PBXBuildFile; fileRef = 3A2E85B42515A28500F66910 /* UserViewModel.swift */; };
		3A2E85B92515A7DF00F66910 /* SignInWithEmailView .swift in Sources */ = {isa = PBXBuildFile; fileRef = 3A2E85B82515A7DF00F66910 /* SignInWithEmailView .swift */; };
		3A46BE91251856F7005F49C3 /* Recents.swift in Sources */ = {isa = PBXBuildFile; fileRef = 3A46BE90251856F7005F49C3 /* Recents.swift */; };
		3A47ADB0250E468300CF3E15 /* Message.swift in Sources */ = {isa = PBXBuildFile; fileRef = 3A47ADAF250E468300CF3E15 /* Message.swift */; };
		3A47ADB3250E4A8500CF3E15 /* FIrebaseReference.swift in Sources */ = {isa = PBXBuildFile; fileRef = 3A47ADB2250E4A8500CF3E15 /* FIrebaseReference.swift */; };
		3A47ADB5250E4CFF00CF3E15 /* exChatCell.swift in Sources */ = {isa = PBXBuildFile; fileRef = 3A47ADB4250E4CFF00CF3E15 /* exChatCell.swift */; };
		3A484CEB2517949A004500C1 /* MessageView.swift in Sources */ = {isa = PBXBuildFile; fileRef = 3A484CEA2517949A004500C1 /* MessageView.swift */; };
		3A52AC52250E418700997131 /* Chat_Swift_UIApp.swift in Sources */ = {isa = PBXBuildFile; fileRef = 3A52AC51250E418700997131 /* Chat_Swift_UIApp.swift */; };
		3A52AC54250E418700997131 /* ContentView.swift in Sources */ = {isa = PBXBuildFile; fileRef = 3A52AC53250E418700997131 /* ContentView.swift */; };
		3A52AC56250E418900997131 /* Assets.xcassets in Resources */ = {isa = PBXBuildFile; fileRef = 3A52AC55250E418900997131 /* Assets.xcassets */; };
		3A52AC59250E418900997131 /* Preview Assets.xcassets in Resources */ = {isa = PBXBuildFile; fileRef = 3A52AC58250E418900997131 /* Preview Assets.xcassets */; };
		3A52AC62250E41A500997131 /* exHomeView.swift in Sources */ = {isa = PBXBuildFile; fileRef = 3A52AC61250E41A500997131 /* exHomeView.swift */; };
		3A5D3606252F463B006414F1 /* AVfViewModel.swift in Sources */ = {isa = PBXBuildFile; fileRef = 3A5D3605252F463B006414F1 /* AVfViewModel.swift */; };
		3A5D3609252F4A13006414F1 /* AVView.swift in Sources */ = {isa = PBXBuildFile; fileRef = 3A5D3608252F4A13006414F1 /* AVView.swift */; };
		3A7260DD250E4340001408A9 /* GoogleService-Info.plist in Resources */ = {isa = PBXBuildFile; fileRef = 3A7260DC250E4340001408A9 /* GoogleService-Info.plist */; };
		3A89694B2517344F00450B49 /* UsersView.swift in Sources */ = {isa = PBXBuildFile; fileRef = 3A89694A2517344F00450B49 /* UsersView.swift */; };
		3A89694F25173C0000450B49 /* UsersViewModel.swift in Sources */ = {isa = PBXBuildFile; fileRef = 3A89694E25173C0000450B49 /* UsersViewModel.swift */; };
		3AB27EC225111A24000646DC /* exRecentsView.swift in Sources */ = {isa = PBXBuildFile; fileRef = 3AB27EC125111A24000646DC /* exRecentsView.swift */; };
		3AB27EC425111BE3000646DC /* Global Extensions.swift in Sources */ = {isa = PBXBuildFile; fileRef = 3AB27EC325111BE3000646DC /* Global Extensions.swift */; };
		3AB350002518526500F47796 /* MessageViewModel.swift in Sources */ = {isa = PBXBuildFile; fileRef = 3AB34FFF2518526500F47796 /* MessageViewModel.swift */; };
		3ABA96C9251E43A9008826B1 /* LangagePicker.swift in Sources */ = {isa = PBXBuildFile; fileRef = 3ABA96C8251E43A9008826B1 /* LangagePicker.swift */; };
		3AC442F9252C950000AE463F /* UserProfileView.swift in Sources */ = {isa = PBXBuildFile; fileRef = 3AC442F8252C950000AE463F /* UserProfileView.swift */; };
		3AC44301252C95BE00AE463F /* UserProfileViewXModel.swift in Sources */ = {isa = PBXBuildFile; fileRef = 3AC44300252C95BE00AE463F /* UserProfileViewXModel.swift */; };
		3AC77470251B912A00C0576F /* UserEditView.swift in Sources */ = {isa = PBXBuildFile; fileRef = 3AC7746F251B912A00C0576F /* UserEditView.swift */; };
		3ACB76AF251239780016F17C /* LoginView.swift in Sources */ = {isa = PBXBuildFile; fileRef = 3ACB76AE251239780016F17C /* LoginView.swift */; };
		3ACB76B225123F190016F17C /* AuthViewModel.swift in Sources */ = {isa = PBXBuildFile; fileRef = 3ACB76B125123F190016F17C /* AuthViewModel.swift */; };
		3ACB76B4251242C40016F17C /* SignUpView.swift in Sources */ = {isa = PBXBuildFile; fileRef = 3ACB76B3251242C40016F17C /* SignUpView.swift */; };
		3ACBEC532517285500DB127A /* CircularTabView.swift in Sources */ = {isa = PBXBuildFile; fileRef = 3ACBEC522517285500DB127A /* CircularTabView.swift */; };
		3AD36D38251ED1A1004934EC /* DownloadLangageView.swift in Sources */ = {isa = PBXBuildFile; fileRef = 3AD36D37251ED1A1004934EC /* DownloadLangageView.swift */; };
		3AD36D3F251ED75F004934EC /* DownloadLangageViewModel.swift in Sources */ = {isa = PBXBuildFile; fileRef = 3AD36D3E251ED75F004934EC /* DownloadLangageViewModel.swift */; };
		3AD7054B2516074B0072F25A /* FBAuth.swift in Sources */ = {isa = PBXBuildFile; fileRef = 3AD7054A2516074B0072F25A /* FBAuth.swift */; };
		3AD8628D2522022B00CCCD73 /* ExampleBubbleView.swift in Sources */ = {isa = PBXBuildFile; fileRef = 3AD8628C2522022B00CCCD73 /* ExampleBubbleView.swift */; };
		3AE9E75425137B1800AD001D /* Constants.swift in Sources */ = {isa = PBXBuildFile; fileRef = 3AE9E75325137B1800AD001D /* Constants.swift */; };
		3AE9E7562513800300AD001D /* RecentsView.swift in Sources */ = {isa = PBXBuildFile; fileRef = 3AE9E7552513800300AD001D /* RecentsView.swift */; };
		3AED782525138347003BC3E3 /* User.swift in Sources */ = {isa = PBXBuildFile; fileRef = 3AED782425138347003BC3E3 /* User.swift */; };
		3AF4AF022515BDB60062B1D5 /* ForgotPasswordView.swift in Sources */ = {isa = PBXBuildFile; fileRef = 3AF4AF012515BDB60062B1D5 /* ForgotPasswordView.swift */; };
		3AF6698C2515DCFB006C707B /* FBUser.swift in Sources */ = {isa = PBXBuildFile; fileRef = 3AF6698B2515DCFB006C707B /* FBUser.swift */; };
		3AF6698F2515DDF1006C707B /* FBKeys.swift in Sources */ = {isa = PBXBuildFile; fileRef = 3AF6698E2515DDF1006C707B /* FBKeys.swift */; };
		3AF669942515DF45006C707B /* FBFirestore.swift in Sources */ = {isa = PBXBuildFile; fileRef = 3AF669932515DF45006C707B /* FBFirestore.swift */; };
		3AF669982515E18F006C707B /* FBFirestoreError.swift in Sources */ = {isa = PBXBuildFile; fileRef = 3AF669972515E18F006C707B /* FBFirestoreError.swift */; };
		59F531C35FD979DBC3197AF8 /* Pods_Chat_Swift_UI.framework in Frameworks */ = {isa = PBXBuildFile; fileRef = 2AF607C317D7584FA1D96B65 /* Pods_Chat_Swift_UI.framework */; };
/* End PBXBuildFile section */

/* Begin PBXFileReference section */
		2AF607C317D7584FA1D96B65 /* Pods_Chat_Swift_UI.framework */ = {isa = PBXFileReference; explicitFileType = wrapper.framework; includeInIndex = 0; path = Pods_Chat_Swift_UI.framework; sourceTree = BUILT_PRODUCTS_DIR; };
		3A119BA02520334600300985 /* TranslateLanguageView.swift */ = {isa = PBXFileReference; lastKnownFileType = sourcecode.swift; path = TranslateLanguageView.swift; sourceTree = "<group>"; };
		3A18A80725137239002556DF /* Service.swift */ = {isa = PBXFileReference; lastKnownFileType = sourcecode.swift; path = Service.swift; sourceTree = "<group>"; };
		3A2310792517026D001CDD54 /* Downloader.swift */ = {isa = PBXFileReference; lastKnownFileType = sourcecode.swift; path = Downloader.swift; sourceTree = "<group>"; };
		3A29E8B72518774500BCFEF8 /* RecentsViewModel.swift */ = {isa = PBXFileReference; lastKnownFileType = sourcecode.swift; path = RecentsViewModel.swift; sourceTree = "<group>"; };
		3A2E7132252364660022377F /* LoadingView.swift */ = {isa = PBXFileReference; lastKnownFileType = sourcecode.swift; path = LoadingView.swift; sourceTree = "<group>"; };
		3A2E85B025159D4E00F66910 /* UserInfo.swift */ = {isa = PBXFileReference; lastKnownFileType = sourcecode.swift; path = UserInfo.swift; sourceTree = "<group>"; };
		3A2E85B42515A28500F66910 /* UserViewModel.swift */ = {isa = PBXFileReference; lastKnownFileType = sourcecode.swift; path = UserViewModel.swift; sourceTree = "<group>"; };
		3A2E85B82515A7DF00F66910 /* SignInWithEmailView .swift */ = {isa = PBXFileReference; lastKnownFileType = sourcecode.swift; path = "SignInWithEmailView .swift"; sourceTree = "<group>"; };
		3A46BE90251856F7005F49C3 /* Recents.swift */ = {isa = PBXFileReference; lastKnownFileType = sourcecode.swift; path = Recents.swift; sourceTree = "<group>"; };
		3A47ADAF250E468300CF3E15 /* Message.swift */ = {isa = PBXFileReference; lastKnownFileType = sourcecode.swift; path = Message.swift; sourceTree = "<group>"; };
		3A47ADB2250E4A8500CF3E15 /* FIrebaseReference.swift */ = {isa = PBXFileReference; lastKnownFileType = sourcecode.swift; path = FIrebaseReference.swift; sourceTree = "<group>"; };
		3A47ADB4250E4CFF00CF3E15 /* exChatCell.swift */ = {isa = PBXFileReference; lastKnownFileType = sourcecode.swift; path = exChatCell.swift; sourceTree = "<group>"; };
		3A484CEA2517949A004500C1 /* MessageView.swift */ = {isa = PBXFileReference; lastKnownFileType = sourcecode.swift; path = MessageView.swift; sourceTree = "<group>"; };
		3A52AC4E250E418700997131 /* Chat Swift-UI.app */ = {isa = PBXFileReference; explicitFileType = wrapper.application; includeInIndex = 0; path = "Chat Swift-UI.app"; sourceTree = BUILT_PRODUCTS_DIR; };
		3A52AC51250E418700997131 /* Chat_Swift_UIApp.swift */ = {isa = PBXFileReference; lastKnownFileType = sourcecode.swift; path = Chat_Swift_UIApp.swift; sourceTree = "<group>"; };
		3A52AC53250E418700997131 /* ContentView.swift */ = {isa = PBXFileReference; lastKnownFileType = sourcecode.swift; path = ContentView.swift; sourceTree = "<group>"; };
		3A52AC55250E418900997131 /* Assets.xcassets */ = {isa = PBXFileReference; lastKnownFileType = folder.assetcatalog; path = Assets.xcassets; sourceTree = "<group>"; };
		3A52AC58250E418900997131 /* Preview Assets.xcassets */ = {isa = PBXFileReference; lastKnownFileType = folder.assetcatalog; path = "Preview Assets.xcassets"; sourceTree = "<group>"; };
		3A52AC5A250E418900997131 /* Info.plist */ = {isa = PBXFileReference; lastKnownFileType = text.plist.xml; path = Info.plist; sourceTree = "<group>"; };
		3A52AC61250E41A500997131 /* exHomeView.swift */ = {isa = PBXFileReference; lastKnownFileType = sourcecode.swift; path = exHomeView.swift; sourceTree = "<group>"; };
		3A5D3605252F463B006414F1 /* AVfViewModel.swift */ = {isa = PBXFileReference; lastKnownFileType = sourcecode.swift; path = AVfViewModel.swift; sourceTree = "<group>"; };
		3A5D3608252F4A13006414F1 /* AVView.swift */ = {isa = PBXFileReference; lastKnownFileType = sourcecode.swift; path = AVView.swift; sourceTree = "<group>"; };
		3A7260DC250E4340001408A9 /* GoogleService-Info.plist */ = {isa = PBXFileReference; fileEncoding = 4; lastKnownFileType = text.plist.xml; path = "GoogleService-Info.plist"; sourceTree = "<group>"; };
		3A89694A2517344F00450B49 /* UsersView.swift */ = {isa = PBXFileReference; lastKnownFileType = sourcecode.swift; path = UsersView.swift; sourceTree = "<group>"; };
		3A89694E25173C0000450B49 /* UsersViewModel.swift */ = {isa = PBXFileReference; lastKnownFileType = sourcecode.swift; path = UsersViewModel.swift; sourceTree = "<group>"; };
		3AB27EC125111A24000646DC /* exRecentsView.swift */ = {isa = PBXFileReference; lastKnownFileType = sourcecode.swift; path = exRecentsView.swift; sourceTree = "<group>"; };
		3AB27EC325111BE3000646DC /* Global Extensions.swift */ = {isa = PBXFileReference; lastKnownFileType = sourcecode.swift; path = "Global Extensions.swift"; sourceTree = "<group>"; };
		3AB34FFF2518526500F47796 /* MessageViewModel.swift */ = {isa = PBXFileReference; lastKnownFileType = sourcecode.swift; path = MessageViewModel.swift; sourceTree = "<group>"; };
		3ABA96C8251E43A9008826B1 /* LangagePicker.swift */ = {isa = PBXFileReference; lastKnownFileType = sourcecode.swift; path = LangagePicker.swift; sourceTree = "<group>"; };
		3AC442F8252C950000AE463F /* UserProfileView.swift */ = {isa = PBXFileReference; lastKnownFileType = sourcecode.swift; path = UserProfileView.swift; sourceTree = "<group>"; };
		3AC44300252C95BE00AE463F /* UserProfileViewXModel.swift */ = {isa = PBXFileReference; lastKnownFileType = sourcecode.swift; path = UserProfileViewXModel.swift; sourceTree = "<group>"; };
		3AC7746F251B912A00C0576F /* UserEditView.swift */ = {isa = PBXFileReference; lastKnownFileType = sourcecode.swift; path = UserEditView.swift; sourceTree = "<group>"; };
		3ACB76AE251239780016F17C /* LoginView.swift */ = {isa = PBXFileReference; lastKnownFileType = sourcecode.swift; path = LoginView.swift; sourceTree = "<group>"; };
		3ACB76B125123F190016F17C /* AuthViewModel.swift */ = {isa = PBXFileReference; lastKnownFileType = sourcecode.swift; path = AuthViewModel.swift; sourceTree = "<group>"; };
		3ACB76B3251242C40016F17C /* SignUpView.swift */ = {isa = PBXFileReference; lastKnownFileType = sourcecode.swift; path = SignUpView.swift; sourceTree = "<group>"; };
		3ACBEC522517285500DB127A /* CircularTabView.swift */ = {isa = PBXFileReference; lastKnownFileType = sourcecode.swift; path = CircularTabView.swift; sourceTree = "<group>"; };
		3AD36D37251ED1A1004934EC /* DownloadLangageView.swift */ = {isa = PBXFileReference; lastKnownFileType = sourcecode.swift; path = DownloadLangageView.swift; sourceTree = "<group>"; };
		3AD36D3E251ED75F004934EC /* DownloadLangageViewModel.swift */ = {isa = PBXFileReference; lastKnownFileType = sourcecode.swift; path = DownloadLangageViewModel.swift; sourceTree = "<group>"; };
		3AD7054A2516074B0072F25A /* FBAuth.swift */ = {isa = PBXFileReference; fileEncoding = 4; lastKnownFileType = sourcecode.swift; name = FBAuth.swift; path = ../../../../../.Trash/FBAuth.swift; sourceTree = "<group>"; };
		3AD8628C2522022B00CCCD73 /* ExampleBubbleView.swift */ = {isa = PBXFileReference; lastKnownFileType = sourcecode.swift; path = ExampleBubbleView.swift; sourceTree = "<group>"; };
		3AE9E75325137B1800AD001D /* Constants.swift */ = {isa = PBXFileReference; lastKnownFileType = sourcecode.swift; path = Constants.swift; sourceTree = "<group>"; };
		3AE9E7552513800300AD001D /* RecentsView.swift */ = {isa = PBXFileReference; lastKnownFileType = sourcecode.swift; path = RecentsView.swift; sourceTree = "<group>"; };
		3AED782425138347003BC3E3 /* User.swift */ = {isa = PBXFileReference; lastKnownFileType = sourcecode.swift; path = User.swift; sourceTree = "<group>"; };
		3AF4AF012515BDB60062B1D5 /* ForgotPasswordView.swift */ = {isa = PBXFileReference; lastKnownFileType = sourcecode.swift; path = ForgotPasswordView.swift; sourceTree = "<group>"; };
		3AF6698B2515DCFB006C707B /* FBUser.swift */ = {isa = PBXFileReference; lastKnownFileType = sourcecode.swift; path = FBUser.swift; sourceTree = "<group>"; };
		3AF6698E2515DDF1006C707B /* FBKeys.swift */ = {isa = PBXFileReference; lastKnownFileType = sourcecode.swift; path = FBKeys.swift; sourceTree = "<group>"; };
		3AF669932515DF45006C707B /* FBFirestore.swift */ = {isa = PBXFileReference; lastKnownFileType = sourcecode.swift; path = FBFirestore.swift; sourceTree = "<group>"; };
		3AF669972515E18F006C707B /* FBFirestoreError.swift */ = {isa = PBXFileReference; lastKnownFileType = sourcecode.swift; path = FBFirestoreError.swift; sourceTree = "<group>"; };
		4ACAFA2BC6D055D748762DFE /* Pods-Chat Swift-UI.release.xcconfig */ = {isa = PBXFileReference; includeInIndex = 1; lastKnownFileType = text.xcconfig; name = "Pods-Chat Swift-UI.release.xcconfig"; path = "Target Support Files/Pods-Chat Swift-UI/Pods-Chat Swift-UI.release.xcconfig"; sourceTree = "<group>"; };
		E4953F73FB3EBAFCC3583665 /* Pods-Chat Swift-UI.debug.xcconfig */ = {isa = PBXFileReference; includeInIndex = 1; lastKnownFileType = text.xcconfig; name = "Pods-Chat Swift-UI.debug.xcconfig"; path = "Target Support Files/Pods-Chat Swift-UI/Pods-Chat Swift-UI.debug.xcconfig"; sourceTree = "<group>"; };
/* End PBXFileReference section */

/* Begin PBXFrameworksBuildPhase section */
		3A52AC4B250E418700997131 /* Frameworks */ = {
			isa = PBXFrameworksBuildPhase;
			buildActionMask = 2147483647;
			files = (
				59F531C35FD979DBC3197AF8 /* Pods_Chat_Swift_UI.framework in Frameworks */,
			);
			runOnlyForDeploymentPostprocessing = 0;
		};
/* End PBXFrameworksBuildPhase section */

/* Begin PBXGroup section */
		3A18A806251371FF002556DF /* API */ = {
			isa = PBXGroup;
			children = (
				3A18A80725137239002556DF /* Service.swift */,
			);
			path = API;
			sourceTree = "<group>";
		};
		3A47ADAE250E452C00CF3E15 /* Model */ = {
			isa = PBXGroup;
			children = (
				3A47ADAF250E468300CF3E15 /* Message.swift */,
				3AED782425138347003BC3E3 /* User.swift */,
				3A46BE90251856F7005F49C3 /* Recents.swift */,
			);
			path = Model;
			sourceTree = "<group>";
		};
		3A47ADB1250E4A6100CF3E15 /* Extension */ = {
			isa = PBXGroup;
			children = (
				3A2E7132252364660022377F /* LoadingView.swift */,
				3A47ADB2250E4A8500CF3E15 /* FIrebaseReference.swift */,
				3AB27EC325111BE3000646DC /* Global Extensions.swift */,
				3AE9E75325137B1800AD001D /* Constants.swift */,
				3A2310792517026D001CDD54 /* Downloader.swift */,
			);
			path = Extension;
			sourceTree = "<group>";
		};
		3A52AC45250E418700997131 = {
			isa = PBXGroup;
			children = (
				3A52AC50250E418700997131 /* Chat Swift-UI */,
				3A52AC4F250E418700997131 /* Products */,
				AB33F0F1FC31B3CA8FA5D3D8 /* Pods */,
				E4BE66830EF5577F02F6871A /* Frameworks */,
			);
			sourceTree = "<group>";
		};
		3A52AC4F250E418700997131 /* Products */ = {
			isa = PBXGroup;
			children = (
				3A52AC4E250E418700997131 /* Chat Swift-UI.app */,
			);
			name = Products;
			sourceTree = "<group>";
		};
		3A52AC50250E418700997131 /* Chat Swift-UI */ = {
			isa = PBXGroup;
			children = (
				3A52AC51250E418700997131 /* Chat_Swift_UIApp.swift */,
				3ACB76B025123F060016F17C /* ViewModel */,
				3AF669922515DF1F006C707B /* Firebase */,
				3A47ADAE250E452C00CF3E15 /* Model */,
				3A52AC60250E419100997131 /* View */,
				3A18A806251371FF002556DF /* API */,
				3A47ADB1250E4A6100CF3E15 /* Extension */,
				3A52AC53250E418700997131 /* ContentView.swift */,
				3A52AC55250E418900997131 /* Assets.xcassets */,
				3A7260DC250E4340001408A9 /* GoogleService-Info.plist */,
				3A52AC5A250E418900997131 /* Info.plist */,
				3A52AC57250E418900997131 /* Preview Content */,
			);
			path = "Chat Swift-UI";
			sourceTree = "<group>";
		};
		3A52AC57250E418900997131 /* Preview Content */ = {
			isa = PBXGroup;
			children = (
				3A52AC58250E418900997131 /* Preview Assets.xcassets */,
			);
			path = "Preview Content";
			sourceTree = "<group>";
		};
		3A52AC60250E419100997131 /* View */ = {
			isa = PBXGroup;
			children = (
				3AC7746E251B910B00C0576F /* examples */,
				3ACB76AD251239660016F17C /* Auth */,
				3A5D35FF252F45DE006414F1 /* AVfoundation */,
				3ACBEC522517285500DB127A /* CircularTabView.swift */,
				3AE9E7552513800300AD001D /* RecentsView.swift */,
				3A89694A2517344F00450B49 /* UsersView.swift */,
				3A484CEA2517949A004500C1 /* MessageView.swift */,
				3AC442F8252C950000AE463F /* UserProfileView.swift */,
				3AC7746F251B912A00C0576F /* UserEditView.swift */,
				3ABA96C8251E43A9008826B1 /* LangagePicker.swift */,
				3AD36D37251ED1A1004934EC /* DownloadLangageView.swift */,
				3A119BA02520334600300985 /* TranslateLanguageView.swift */,
			);
			path = View;
			sourceTree = "<group>";
		};
		3A5D35FF252F45DE006414F1 /* AVfoundation */ = {
			isa = PBXGroup;
			children = (
				3A5D3605252F463B006414F1 /* AVfViewModel.swift */,
				3A5D3608252F4A13006414F1 /* AVView.swift */,
			);
			path = AVfoundation;
			sourceTree = "<group>";
		};
		3AC7746E251B910B00C0576F /* examples */ = {
			isa = PBXGroup;
			children = (
				3A52AC61250E41A500997131 /* exHomeView.swift */,
				3A47ADB4250E4CFF00CF3E15 /* exChatCell.swift */,
				3AB27EC125111A24000646DC /* exRecentsView.swift */,
				3AD8628C2522022B00CCCD73 /* ExampleBubbleView.swift */,
			);
			path = examples;
			sourceTree = "<group>";
		};
		3ACB76AD251239660016F17C /* Auth */ = {
			isa = PBXGroup;
			children = (
				3ACB76AE251239780016F17C /* LoginView.swift */,
				3A2E85B82515A7DF00F66910 /* SignInWithEmailView .swift */,
				3ACB76B3251242C40016F17C /* SignUpView.swift */,
				3AF4AF012515BDB60062B1D5 /* ForgotPasswordView.swift */,
			);
			path = Auth;
			sourceTree = "<group>";
		};
		3ACB76B025123F060016F17C /* ViewModel */ = {
			isa = PBXGroup;
			children = (
				3A2E85B025159D4E00F66910 /* UserInfo.swift */,
				3A2E85B42515A28500F66910 /* UserViewModel.swift */,
				3A89694E25173C0000450B49 /* UsersViewModel.swift */,
				3ACB76B125123F190016F17C /* AuthViewModel.swift */,
				3A29E8B72518774500BCFEF8 /* RecentsViewModel.swift */,
				3AB34FFF2518526500F47796 /* MessageViewModel.swift */,
				3AD36D3E251ED75F004934EC /* DownloadLangageViewModel.swift */,
				3AC44300252C95BE00AE463F /* UserProfileViewXModel.swift */,
			);
			path = ViewModel;
			sourceTree = "<group>";
		};
		3AF669922515DF1F006C707B /* Firebase */ = {
			isa = PBXGroup;
			children = (
				3AF6698B2515DCFB006C707B /* FBUser.swift */,
				3AF6698E2515DDF1006C707B /* FBKeys.swift */,
				3AF669932515DF45006C707B /* FBFirestore.swift */,
				3AF669972515E18F006C707B /* FBFirestoreError.swift */,
				3AD7054A2516074B0072F25A /* FBAuth.swift */,
			);
			path = Firebase;
			sourceTree = "<group>";
		};
		AB33F0F1FC31B3CA8FA5D3D8 /* Pods */ = {
			isa = PBXGroup;
			children = (
				E4953F73FB3EBAFCC3583665 /* Pods-Chat Swift-UI.debug.xcconfig */,
				4ACAFA2BC6D055D748762DFE /* Pods-Chat Swift-UI.release.xcconfig */,
			);
			path = Pods;
			sourceTree = "<group>";
		};
		E4BE66830EF5577F02F6871A /* Frameworks */ = {
			isa = PBXGroup;
			children = (
				2AF607C317D7584FA1D96B65 /* Pods_Chat_Swift_UI.framework */,
			);
			name = Frameworks;
			sourceTree = "<group>";
		};
/* End PBXGroup section */

/* Begin PBXNativeTarget section */
		3A52AC4D250E418700997131 /* Chat Swift-UI */ = {
			isa = PBXNativeTarget;
			buildConfigurationList = 3A52AC5D250E418900997131 /* Build configuration list for PBXNativeTarget "Chat Swift-UI" */;
			buildPhases = (
				442F2357997683353D63F9E0 /* [CP] Check Pods Manifest.lock */,
				3A52AC4A250E418700997131 /* Sources */,
				3A52AC4B250E418700997131 /* Frameworks */,
				3A52AC4C250E418700997131 /* Resources */,
				325C161593685590A19094F8 /* [CP] Embed Pods Frameworks */,
				D99949B0DAA92ACCC92D2825 /* [CP] Copy Pods Resources */,
			);
			buildRules = (
			);
			dependencies = (
			);
			name = "Chat Swift-UI";
			productName = "Chat Swift-UI";
			productReference = 3A52AC4E250E418700997131 /* Chat Swift-UI.app */;
			productType = "com.apple.product-type.application";
		};
/* End PBXNativeTarget section */

/* Begin PBXProject section */
		3A52AC46250E418700997131 /* Project object */ = {
			isa = PBXProject;
			attributes = {
				LastSwiftUpdateCheck = 1200;
				LastUpgradeCheck = 1200;
				TargetAttributes = {
					3A52AC4D250E418700997131 = {
						CreatedOnToolsVersion = 12.0;
					};
				};
			};
			buildConfigurationList = 3A52AC49250E418700997131 /* Build configuration list for PBXProject "Chat Swift-UI" */;
			compatibilityVersion = "Xcode 9.3";
			developmentRegion = en;
			hasScannedForEncodings = 0;
			knownRegions = (
				en,
				Base,
			);
			mainGroup = 3A52AC45250E418700997131;
			productRefGroup = 3A52AC4F250E418700997131 /* Products */;
			projectDirPath = "";
			projectRoot = "";
			targets = (
				3A52AC4D250E418700997131 /* Chat Swift-UI */,
			);
		};
/* End PBXProject section */

/* Begin PBXResourcesBuildPhase section */
		3A52AC4C250E418700997131 /* Resources */ = {
			isa = PBXResourcesBuildPhase;
			buildActionMask = 2147483647;
			files = (
				3A52AC59250E418900997131 /* Preview Assets.xcassets in Resources */,
				3A7260DD250E4340001408A9 /* GoogleService-Info.plist in Resources */,
				3A52AC56250E418900997131 /* Assets.xcassets in Resources */,
			);
			runOnlyForDeploymentPostprocessing = 0;
		};
/* End PBXResourcesBuildPhase section */

/* Begin PBXShellScriptBuildPhase section */
		325C161593685590A19094F8 /* [CP] Embed Pods Frameworks */ = {
			isa = PBXShellScriptBuildPhase;
			buildActionMask = 2147483647;
			files = (
			);
			inputFileListPaths = (
				"${PODS_ROOT}/Target Support Files/Pods-Chat Swift-UI/Pods-Chat Swift-UI-frameworks-${CONFIGURATION}-input-files.xcfilelist",
			);
			name = "[CP] Embed Pods Frameworks";
			outputFileListPaths = (
				"${PODS_ROOT}/Target Support Files/Pods-Chat Swift-UI/Pods-Chat Swift-UI-frameworks-${CONFIGURATION}-output-files.xcfilelist",
			);
			runOnlyForDeploymentPostprocessing = 0;
			shellPath = /bin/sh;
			shellScript = "\"${PODS_ROOT}/Target Support Files/Pods-Chat Swift-UI/Pods-Chat Swift-UI-frameworks.sh\"\n";
			showEnvVarsInLog = 0;
		};
		442F2357997683353D63F9E0 /* [CP] Check Pods Manifest.lock */ = {
			isa = PBXShellScriptBuildPhase;
			buildActionMask = 2147483647;
			files = (
			);
			inputFileListPaths = (
			);
			inputPaths = (
				"${PODS_PODFILE_DIR_PATH}/Podfile.lock",
				"${PODS_ROOT}/Manifest.lock",
			);
			name = "[CP] Check Pods Manifest.lock";
			outputFileListPaths = (
			);
			outputPaths = (
				"$(DERIVED_FILE_DIR)/Pods-Chat Swift-UI-checkManifestLockResult.txt",
			);
			runOnlyForDeploymentPostprocessing = 0;
			shellPath = /bin/sh;
			shellScript = "diff \"${PODS_PODFILE_DIR_PATH}/Podfile.lock\" \"${PODS_ROOT}/Manifest.lock\" > /dev/null\nif [ $? != 0 ] ; then\n    # print error to STDERR\n    echo \"error: The sandbox is not in sync with the Podfile.lock. Run 'pod install' or update your CocoaPods installation.\" >&2\n    exit 1\nfi\n# This output is used by Xcode 'outputs' to avoid re-running this script phase.\necho \"SUCCESS\" > \"${SCRIPT_OUTPUT_FILE_0}\"\n";
			showEnvVarsInLog = 0;
		};
		D99949B0DAA92ACCC92D2825 /* [CP] Copy Pods Resources */ = {
			isa = PBXShellScriptBuildPhase;
			buildActionMask = 2147483647;
			files = (
			);
			inputFileListPaths = (
				"${PODS_ROOT}/Target Support Files/Pods-Chat Swift-UI/Pods-Chat Swift-UI-resources-${CONFIGURATION}-input-files.xcfilelist",
			);
			name = "[CP] Copy Pods Resources";
			outputFileListPaths = (
				"${PODS_ROOT}/Target Support Files/Pods-Chat Swift-UI/Pods-Chat Swift-UI-resources-${CONFIGURATION}-output-files.xcfilelist",
			);
			runOnlyForDeploymentPostprocessing = 0;
			shellPath = /bin/sh;
			shellScript = "\"${PODS_ROOT}/Target Support Files/Pods-Chat Swift-UI/Pods-Chat Swift-UI-resources.sh\"\n";
			showEnvVarsInLog = 0;
		};
/* End PBXShellScriptBuildPhase section */

/* Begin PBXSourcesBuildPhase section */
		3A52AC4A250E418700997131 /* Sources */ = {
			isa = PBXSourcesBuildPhase;
			buildActionMask = 2147483647;
			files = (
				3A2E85B92515A7DF00F66910 /* SignInWithEmailView .swift in Sources */,
				3ACB76B225123F190016F17C /* AuthViewModel.swift in Sources */,
				3A484CEB2517949A004500C1 /* MessageView.swift in Sources */,
				3AE9E7562513800300AD001D /* RecentsView.swift in Sources */,
				3AD7054B2516074B0072F25A /* FBAuth.swift in Sources */,
				3A47ADB5250E4CFF00CF3E15 /* exChatCell.swift in Sources */,
				3ACBEC532517285500DB127A /* CircularTabView.swift in Sources */,
				3A47ADB3250E4A8500CF3E15 /* FIrebaseReference.swift in Sources */,
				3AED782525138347003BC3E3 /* User.swift in Sources */,
				3AD8628D2522022B00CCCD73 /* ExampleBubbleView.swift in Sources */,
				3A2E85B125159D4E00F66910 /* UserInfo.swift in Sources */,
				3A2E7133252364660022377F /* LoadingView.swift in Sources */,
				3A23107A2517026E001CDD54 /* Downloader.swift in Sources */,
				3AC77470251B912A00C0576F /* UserEditView.swift in Sources */,
				3A52AC62250E41A500997131 /* exHomeView.swift in Sources */,
				3A2E85B52515A28500F66910 /* UserViewModel.swift in Sources */,
				3A5D3606252F463B006414F1 /* AVfViewModel.swift in Sources */,
				3ACB76AF251239780016F17C /* LoginView.swift in Sources */,
				3A18A80825137239002556DF /* Service.swift in Sources */,
				3AD36D3F251ED75F004934EC /* DownloadLangageViewModel.swift in Sources */,
				3AF6698F2515DDF1006C707B /* FBKeys.swift in Sources */,
				3AD36D38251ED1A1004934EC /* DownloadLangageView.swift in Sources */,
				3ACB76B4251242C40016F17C /* SignUpView.swift in Sources */,
				3A5D3609252F4A13006414F1 /* AVView.swift in Sources */,
				3A29E8B82518774500BCFEF8 /* RecentsViewModel.swift in Sources */,
				3AF6698C2515DCFB006C707B /* FBUser.swift in Sources */,
				3AF669982515E18F006C707B /* FBFirestoreError.swift in Sources */,
				3A46BE91251856F7005F49C3 /* Recents.swift in Sources */,
				3A89694B2517344F00450B49 /* UsersView.swift in Sources */,
				3AE9E75425137B1800AD001D /* Constants.swift in Sources */,
				3AB27EC425111BE3000646DC /* Global Extensions.swift in Sources */,
				3A119BA12520334600300985 /* TranslateLanguageView.swift in Sources */,
				3ABA96C9251E43A9008826B1 /* LangagePicker.swift in Sources */,
				3AC44301252C95BE00AE463F /* UserProfileViewXModel.swift in Sources */,
				3AB350002518526500F47796 /* MessageViewModel.swift in Sources */,
				3A89694F25173C0000450B49 /* UsersViewModel.swift in Sources */,
				3A47ADB0250E468300CF3E15 /* Message.swift in Sources */,
				3A52AC54250E418700997131 /* ContentView.swift in Sources */,
				3AC442F9252C950000AE463F /* UserProfileView.swift in Sources */,
				3AF669942515DF45006C707B /* FBFirestore.swift in Sources */,
				3AB27EC225111A24000646DC /* exRecentsView.swift in Sources */,
				3A52AC52250E418700997131 /* Chat_Swift_UIApp.swift in Sources */,
				3AF4AF022515BDB60062B1D5 /* ForgotPasswordView.swift in Sources */,
			);
			runOnlyForDeploymentPostprocessing = 0;
		};
/* End PBXSourcesBuildPhase section */

/* Begin XCBuildConfiguration section */
		3A52AC5B250E418900997131 /* Debug */ = {
			isa = XCBuildConfiguration;
			buildSettings = {
				ALWAYS_SEARCH_USER_PATHS = NO;
				CLANG_ANALYZER_NONNULL = YES;
				CLANG_ANALYZER_NUMBER_OBJECT_CONVERSION = YES_AGGRESSIVE;
				CLANG_CXX_LANGUAGE_STANDARD = "gnu++14";
				CLANG_CXX_LIBRARY = "libc++";
				CLANG_ENABLE_MODULES = YES;
				CLANG_ENABLE_OBJC_ARC = YES;
				CLANG_ENABLE_OBJC_WEAK = YES;
				CLANG_WARN_BLOCK_CAPTURE_AUTORELEASING = YES;
				CLANG_WARN_BOOL_CONVERSION = YES;
				CLANG_WARN_COMMA = YES;
				CLANG_WARN_CONSTANT_CONVERSION = YES;
				CLANG_WARN_DEPRECATED_OBJC_IMPLEMENTATIONS = YES;
				CLANG_WARN_DIRECT_OBJC_ISA_USAGE = YES_ERROR;
				CLANG_WARN_DOCUMENTATION_COMMENTS = YES;
				CLANG_WARN_EMPTY_BODY = YES;
				CLANG_WARN_ENUM_CONVERSION = YES;
				CLANG_WARN_INFINITE_RECURSION = YES;
				CLANG_WARN_INT_CONVERSION = YES;
				CLANG_WARN_NON_LITERAL_NULL_CONVERSION = YES;
				CLANG_WARN_OBJC_IMPLICIT_RETAIN_SELF = YES;
				CLANG_WARN_OBJC_LITERAL_CONVERSION = YES;
				CLANG_WARN_OBJC_ROOT_CLASS = YES_ERROR;
				CLANG_WARN_QUOTED_INCLUDE_IN_FRAMEWORK_HEADER = YES;
				CLANG_WARN_RANGE_LOOP_ANALYSIS = YES;
				CLANG_WARN_STRICT_PROTOTYPES = YES;
				CLANG_WARN_SUSPICIOUS_MOVE = YES;
				CLANG_WARN_UNGUARDED_AVAILABILITY = YES_AGGRESSIVE;
				CLANG_WARN_UNREACHABLE_CODE = YES;
				CLANG_WARN__DUPLICATE_METHOD_MATCH = YES;
				COPY_PHASE_STRIP = NO;
				DEBUG_INFORMATION_FORMAT = dwarf;
				ENABLE_STRICT_OBJC_MSGSEND = YES;
				ENABLE_TESTABILITY = YES;
				GCC_C_LANGUAGE_STANDARD = gnu11;
				GCC_DYNAMIC_NO_PIC = NO;
				GCC_NO_COMMON_BLOCKS = YES;
				GCC_OPTIMIZATION_LEVEL = 0;
				GCC_PREPROCESSOR_DEFINITIONS = (
					"DEBUG=1",
					"$(inherited)",
				);
				GCC_WARN_64_TO_32_BIT_CONVERSION = YES;
				GCC_WARN_ABOUT_RETURN_TYPE = YES_ERROR;
				GCC_WARN_UNDECLARED_SELECTOR = YES;
				GCC_WARN_UNINITIALIZED_AUTOS = YES_AGGRESSIVE;
				GCC_WARN_UNUSED_FUNCTION = YES;
				GCC_WARN_UNUSED_VARIABLE = YES;
				IPHONEOS_DEPLOYMENT_TARGET = 14.0;
				MTL_ENABLE_DEBUG_INFO = INCLUDE_SOURCE;
				MTL_FAST_MATH = YES;
				ONLY_ACTIVE_ARCH = YES;
				SDKROOT = iphoneos;
				SWIFT_ACTIVE_COMPILATION_CONDITIONS = DEBUG;
				SWIFT_OPTIMIZATION_LEVEL = "-Onone";
			};
			name = Debug;
		};
		3A52AC5C250E418900997131 /* Release */ = {
			isa = XCBuildConfiguration;
			buildSettings = {
				ALWAYS_SEARCH_USER_PATHS = NO;
				CLANG_ANALYZER_NONNULL = YES;
				CLANG_ANALYZER_NUMBER_OBJECT_CONVERSION = YES_AGGRESSIVE;
				CLANG_CXX_LANGUAGE_STANDARD = "gnu++14";
				CLANG_CXX_LIBRARY = "libc++";
				CLANG_ENABLE_MODULES = YES;
				CLANG_ENABLE_OBJC_ARC = YES;
				CLANG_ENABLE_OBJC_WEAK = YES;
				CLANG_WARN_BLOCK_CAPTURE_AUTORELEASING = YES;
				CLANG_WARN_BOOL_CONVERSION = YES;
				CLANG_WARN_COMMA = YES;
				CLANG_WARN_CONSTANT_CONVERSION = YES;
				CLANG_WARN_DEPRECATED_OBJC_IMPLEMENTATIONS = YES;
				CLANG_WARN_DIRECT_OBJC_ISA_USAGE = YES_ERROR;
				CLANG_WARN_DOCUMENTATION_COMMENTS = YES;
				CLANG_WARN_EMPTY_BODY = YES;
				CLANG_WARN_ENUM_CONVERSION = YES;
				CLANG_WARN_INFINITE_RECURSION = YES;
				CLANG_WARN_INT_CONVERSION = YES;
				CLANG_WARN_NON_LITERAL_NULL_CONVERSION = YES;
				CLANG_WARN_OBJC_IMPLICIT_RETAIN_SELF = YES;
				CLANG_WARN_OBJC_LITERAL_CONVERSION = YES;
				CLANG_WARN_OBJC_ROOT_CLASS = YES_ERROR;
				CLANG_WARN_QUOTED_INCLUDE_IN_FRAMEWORK_HEADER = YES;
				CLANG_WARN_RANGE_LOOP_ANALYSIS = YES;
				CLANG_WARN_STRICT_PROTOTYPES = YES;
				CLANG_WARN_SUSPICIOUS_MOVE = YES;
				CLANG_WARN_UNGUARDED_AVAILABILITY = YES_AGGRESSIVE;
				CLANG_WARN_UNREACHABLE_CODE = YES;
				CLANG_WARN__DUPLICATE_METHOD_MATCH = YES;
				COPY_PHASE_STRIP = NO;
				DEBUG_INFORMATION_FORMAT = "dwarf-with-dsym";
				ENABLE_NS_ASSERTIONS = NO;
				ENABLE_STRICT_OBJC_MSGSEND = YES;
				GCC_C_LANGUAGE_STANDARD = gnu11;
				GCC_NO_COMMON_BLOCKS = YES;
				GCC_WARN_64_TO_32_BIT_CONVERSION = YES;
				GCC_WARN_ABOUT_RETURN_TYPE = YES_ERROR;
				GCC_WARN_UNDECLARED_SELECTOR = YES;
				GCC_WARN_UNINITIALIZED_AUTOS = YES_AGGRESSIVE;
				GCC_WARN_UNUSED_FUNCTION = YES;
				GCC_WARN_UNUSED_VARIABLE = YES;
				IPHONEOS_DEPLOYMENT_TARGET = 14.0;
				MTL_ENABLE_DEBUG_INFO = NO;
				MTL_FAST_MATH = YES;
				SDKROOT = iphoneos;
				SWIFT_COMPILATION_MODE = wholemodule;
				SWIFT_OPTIMIZATION_LEVEL = "-O";
				VALIDATE_PRODUCT = YES;
			};
			name = Release;
		};
		3A52AC5E250E418900997131 /* Debug */ = {
			isa = XCBuildConfiguration;
			baseConfigurationReference = E4953F73FB3EBAFCC3583665 /* Pods-Chat Swift-UI.debug.xcconfig */;
			buildSettings = {
				ASSETCATALOG_COMPILER_APPICON_NAME = AppIcon;
				ASSETCATALOG_COMPILER_GLOBAL_ACCENT_COLOR_NAME = AccentColor;
				CODE_SIGN_STYLE = Automatic;
				DEVELOPMENT_ASSET_PATHS = "\"Chat Swift-UI/Preview Content\"";
				DEVELOPMENT_TEAM = 4KJFNVZ8R6;
				ENABLE_PREVIEWS = YES;
				INFOPLIST_FILE = "Chat Swift-UI/Info.plist";
				IPHONEOS_DEPLOYMENT_TARGET = 14.0;
				LD_RUNPATH_SEARCH_PATHS = (
					"$(inherited)",
					"@executable_path/Frameworks",
				);
				PRODUCT_BUNDLE_IDENTIFIER = "mineo.jp.mac.pop.Chat-Swift-UI";
				PRODUCT_NAME = "$(TARGET_NAME)";
				SWIFT_VERSION = 5.0;
				TARGETED_DEVICE_FAMILY = "1,2";
			};
			name = Debug;
		};
		3A52AC5F250E418900997131 /* Release */ = {
			isa = XCBuildConfiguration;
			baseConfigurationReference = 4ACAFA2BC6D055D748762DFE /* Pods-Chat Swift-UI.release.xcconfig */;
			buildSettings = {
				ASSETCATALOG_COMPILER_APPICON_NAME = AppIcon;
				ASSETCATALOG_COMPILER_GLOBAL_ACCENT_COLOR_NAME = AccentColor;
				CODE_SIGN_STYLE = Automatic;
				DEVELOPMENT_ASSET_PATHS = "\"Chat Swift-UI/Preview Content\"";
				DEVELOPMENT_TEAM = 4KJFNVZ8R6;
				ENABLE_PREVIEWS = YES;
				INFOPLIST_FILE = "Chat Swift-UI/Info.plist";
				IPHONEOS_DEPLOYMENT_TARGET = 14.0;
				LD_RUNPATH_SEARCH_PATHS = (
					"$(inherited)",
					"@executable_path/Frameworks",
				);
				PRODUCT_BUNDLE_IDENTIFIER = "mineo.jp.mac.pop.Chat-Swift-UI";
				PRODUCT_NAME = "$(TARGET_NAME)";
				SWIFT_VERSION = 5.0;
				TARGETED_DEVICE_FAMILY = "1,2";
			};
			name = Release;
		};
/* End XCBuildConfiguration section */

/* Begin XCConfigurationList section */
		3A52AC49250E418700997131 /* Build configuration list for PBXProject "Chat Swift-UI" */ = {
			isa = XCConfigurationList;
			buildConfigurations = (
				3A52AC5B250E418900997131 /* Debug */,
				3A52AC5C250E418900997131 /* Release */,
			);
			defaultConfigurationIsVisible = 0;
			defaultConfigurationName = Release;
		};
		3A52AC5D250E418900997131 /* Build configuration list for PBXNativeTarget "Chat Swift-UI" */ = {
			isa = XCConfigurationList;
			buildConfigurations = (
				3A52AC5E250E418900997131 /* Debug */,
				3A52AC5F250E418900997131 /* Release */,
			);
			defaultConfigurationIsVisible = 0;
			defaultConfigurationName = Release;
		};
/* End XCConfigurationList section */
	};
	rootObject = 3A52AC46250E418700997131 /* Project object */;
}
